// !$*UTF8*$!
{
	archiveVersion = 1;
	classes = {
	};
	objectVersion = 55;
	objects = {

/* Begin PBXBuildFile section */
		D542E9C6283928A500F180F2 /* GoogleService-Info.plist in Resources */ = {isa = PBXBuildFile; fileRef = D542E9C5283928A500F180F2 /* GoogleService-Info.plist */; };
		9B3A52762838B1B600AF9B9B /* Movie.swift in Sources */ = {isa = PBXBuildFile; fileRef = 9B3A52752838B1B500AF9B9B /* Movie.swift */; };		
		D5970974282E1DCA00642949 /* AppDelegate.swift in Sources */ = {isa = PBXBuildFile; fileRef = D5970973282E1DCA00642949 /* AppDelegate.swift */; };
		D5970976282E1DCA00642949 /* SceneDelegate.swift in Sources */ = {isa = PBXBuildFile; fileRef = D5970975282E1DCA00642949 /* SceneDelegate.swift */; };
		D597097B282E1DCA00642949 /* Main.storyboard in Resources */ = {isa = PBXBuildFile; fileRef = D5970979282E1DCA00642949 /* Main.storyboard */; };
		D597097D282E1DCB00642949 /* Assets.xcassets in Resources */ = {isa = PBXBuildFile; fileRef = D597097C282E1DCB00642949 /* Assets.xcassets */; };
		D5970980282E1DCB00642949 /* LaunchScreen.storyboard in Resources */ = {isa = PBXBuildFile; fileRef = D597097E282E1DCB00642949 /* LaunchScreen.storyboard */; };
		D597098C282E378600642949 /* MovieViewController.swift in Sources */ = {isa = PBXBuildFile; fileRef = D597098B282E378600642949 /* MovieViewController.swift */; };
		D597098E282E37DA00642949 /* OrderDetailsViewController.swift in Sources */ = {isa = PBXBuildFile; fileRef = D597098D282E37DA00642949 /* OrderDetailsViewController.swift */; };
		D5970990282E381200642949 /* SeatsViewController.swift in Sources */ = {isa = PBXBuildFile; fileRef = D597098F282E381200642949 /* SeatsViewController.swift */; };
		D5970992282E388F00642949 /* OrderConfirmationViewController.swift in Sources */ = {isa = PBXBuildFile; fileRef = D5970991282E388F00642949 /* OrderConfirmationViewController.swift */; };
		D5970994282E3A4A00642949 /* TicketViewController.swift in Sources */ = {isa = PBXBuildFile; fileRef = D5970993282E3A4A00642949 /* TicketViewController.swift */; };
		D5970999282F72E600642949 /* HomeViewController.swift in Sources */ = {isa = PBXBuildFile; fileRef = D5970998282F72E600642949 /* HomeViewController.swift */; };
		D597099B282F741E00642949 /* SignupViewController.swift in Sources */ = {isa = PBXBuildFile; fileRef = D597099A282F741E00642949 /* SignupViewController.swift */; };
		D597099D282F742D00642949 /* LoginViewController.swift in Sources */ = {isa = PBXBuildFile; fileRef = D597099C282F742D00642949 /* LoginViewController.swift */; };
		D597099F282F7DEC00642949 /* Style.swift in Sources */ = {isa = PBXBuildFile; fileRef = D597099E282F7DEC00642949 /* Style.swift */; };
		D59709A4282F8DAD00642949 /* FirebaseAnalytics in Frameworks */ = {isa = PBXBuildFile; productRef = D59709A3282F8DAD00642949 /* FirebaseAnalytics */; };
		D59709A6282F8DAD00642949 /* FirebaseAnalyticsWithoutAdIdSupport in Frameworks */ = {isa = PBXBuildFile; productRef = D59709A5282F8DAD00642949 /* FirebaseAnalyticsWithoutAdIdSupport */; };
		D59709A8282F8DAD00642949 /* FirebaseAuth in Frameworks */ = {isa = PBXBuildFile; productRef = D59709A7282F8DAD00642949 /* FirebaseAuth */; };
		D59709AA282F8DAD00642949 /* FirebaseAuthCombine-Community in Frameworks */ = {isa = PBXBuildFile; productRef = D59709A9282F8DAD00642949 /* FirebaseAuthCombine-Community */; };
		D59709AC282F8DAD00642949 /* FirebaseDatabase in Frameworks */ = {isa = PBXBuildFile; productRef = D59709AB282F8DAD00642949 /* FirebaseDatabase */; };
		D59709AE282F8DAD00642949 /* FirebaseDatabaseSwift in Frameworks */ = {isa = PBXBuildFile; productRef = D59709AD282F8DAD00642949 /* FirebaseDatabaseSwift */; };
		D59709B0282F8DAD00642949 /* FirebaseFirestore in Frameworks */ = {isa = PBXBuildFile; productRef = D59709AF282F8DAD00642949 /* FirebaseFirestore */; };
		D59709B2282F8DAD00642949 /* FirebaseFirestoreSwift in Frameworks */ = {isa = PBXBuildFile; productRef = D59709B1282F8DAD00642949 /* FirebaseFirestoreSwift */; };
		D59709B4282F8DAD00642949 /* FirebaseInstallations in Frameworks */ = {isa = PBXBuildFile; productRef = D59709B3282F8DAD00642949 /* FirebaseInstallations */; };
		D59709B6282F8DAD00642949 /* FirebaseStorage in Frameworks */ = {isa = PBXBuildFile; productRef = D59709B5282F8DAD00642949 /* FirebaseStorage */; };
		D59709B8282F8DAD00642949 /* FirebaseStorageCombine-Community in Frameworks */ = {isa = PBXBuildFile; productRef = D59709B7282F8DAD00642949 /* FirebaseStorageCombine-Community */; };
		D59709BA282F934C00642949 /* AuthUtils.swift in Sources */ = {isa = PBXBuildFile; fileRef = D59709B9282F934C00642949 /* AuthUtils.swift */; };
		D59709BC282FB28C00642949 /* DB.swift in Sources */ = {isa = PBXBuildFile; fileRef = D59709BB282FB28C00642949 /* DB.swift */; };
		D59709C02830FDC900642949 /* Seat.swift in Sources */ = {isa = PBXBuildFile; fileRef = D59709BF2830FDC900642949 /* Seat.swift */; };
		D59709C228311EF300642949 /* CinemaRoom.swift in Sources */ = {isa = PBXBuildFile; fileRef = D59709C128311EF300642949 /* CinemaRoom.swift */; };
		D59709C62832201F00642949 /* Booking.swift in Sources */ = {isa = PBXBuildFile; fileRef = D59709C52832201F00642949 /* Booking.swift */; };
/* End PBXBuildFile section */

/* Begin PBXFileReference section */
		D542E9C5283928A500F180F2 /* GoogleService-Info.plist */ = {isa = PBXFileReference; fileEncoding = 4; lastKnownFileType = text.plist.xml; name = "GoogleService-Info.plist"; path = "../../../../../Downloads/GoogleService-Info.plist"; sourceTree = "<group>"; };
		9B3A52752838B1B500AF9B9B /* Movie.swift */ = {isa = PBXFileReference; lastKnownFileType = sourcecode.swift; path = Movie.swift; sourceTree = "<group>"; };
		D5970970282E1DCA00642949 /* happy-hour-cinema-ticket-booking.app */ = {isa = PBXFileReference; explicitFileType = wrapper.application; includeInIndex = 0; path = "happy-hour-cinema-ticket-booking.app"; sourceTree = BUILT_PRODUCTS_DIR; };
		D5970973282E1DCA00642949 /* AppDelegate.swift */ = {isa = PBXFileReference; lastKnownFileType = sourcecode.swift; path = AppDelegate.swift; sourceTree = "<group>"; };
		D5970975282E1DCA00642949 /* SceneDelegate.swift */ = {isa = PBXFileReference; lastKnownFileType = sourcecode.swift; path = SceneDelegate.swift; sourceTree = "<group>"; };
		D597097A282E1DCA00642949 /* Base */ = {isa = PBXFileReference; lastKnownFileType = file.storyboard; name = Base; path = Base.lproj/Main.storyboard; sourceTree = "<group>"; };
		D597097C282E1DCB00642949 /* Assets.xcassets */ = {isa = PBXFileReference; lastKnownFileType = folder.assetcatalog; path = Assets.xcassets; sourceTree = "<group>"; };
		D597097F282E1DCB00642949 /* Base */ = {isa = PBXFileReference; lastKnownFileType = file.storyboard; name = Base; path = Base.lproj/LaunchScreen.storyboard; sourceTree = "<group>"; };
		D5970981282E1DCB00642949 /* Info.plist */ = {isa = PBXFileReference; lastKnownFileType = text.plist.xml; path = Info.plist; sourceTree = "<group>"; };
		D597098B282E378600642949 /* MovieViewController.swift */ = {isa = PBXFileReference; lastKnownFileType = sourcecode.swift; path = MovieViewController.swift; sourceTree = "<group>"; };
		D597098D282E37DA00642949 /* OrderDetailsViewController.swift */ = {isa = PBXFileReference; lastKnownFileType = sourcecode.swift; path = OrderDetailsViewController.swift; sourceTree = "<group>"; };
		D597098F282E381200642949 /* SeatsViewController.swift */ = {isa = PBXFileReference; lastKnownFileType = sourcecode.swift; path = SeatsViewController.swift; sourceTree = "<group>"; };
		D5970991282E388F00642949 /* OrderConfirmationViewController.swift */ = {isa = PBXFileReference; lastKnownFileType = sourcecode.swift; path = OrderConfirmationViewController.swift; sourceTree = "<group>"; };
		D5970993282E3A4A00642949 /* TicketViewController.swift */ = {isa = PBXFileReference; lastKnownFileType = sourcecode.swift; path = TicketViewController.swift; sourceTree = "<group>"; };
		D5970998282F72E600642949 /* HomeViewController.swift */ = {isa = PBXFileReference; lastKnownFileType = sourcecode.swift; path = HomeViewController.swift; sourceTree = "<group>"; };
		D597099A282F741E00642949 /* SignupViewController.swift */ = {isa = PBXFileReference; lastKnownFileType = sourcecode.swift; path = SignupViewController.swift; sourceTree = "<group>"; };
		D597099C282F742D00642949 /* LoginViewController.swift */ = {isa = PBXFileReference; lastKnownFileType = sourcecode.swift; path = LoginViewController.swift; sourceTree = "<group>"; };
		D597099E282F7DEC00642949 /* Style.swift */ = {isa = PBXFileReference; lastKnownFileType = sourcecode.swift; path = Style.swift; sourceTree = "<group>"; };
		D59709B9282F934C00642949 /* AuthUtils.swift */ = {isa = PBXFileReference; lastKnownFileType = sourcecode.swift; path = AuthUtils.swift; sourceTree = "<group>"; };
		D59709BB282FB28C00642949 /* DB.swift */ = {isa = PBXFileReference; lastKnownFileType = sourcecode.swift; path = DB.swift; sourceTree = "<group>"; };
		D59709BF2830FDC900642949 /* Seat.swift */ = {isa = PBXFileReference; lastKnownFileType = sourcecode.swift; path = Seat.swift; sourceTree = "<group>"; };
		D59709C128311EF300642949 /* CinemaRoom.swift */ = {isa = PBXFileReference; lastKnownFileType = sourcecode.swift; path = CinemaRoom.swift; sourceTree = "<group>"; };
		D59709C52832201F00642949 /* Booking.swift */ = {isa = PBXFileReference; lastKnownFileType = sourcecode.swift; path = Booking.swift; sourceTree = "<group>"; };
/* End PBXFileReference section */

/* Begin PBXFrameworksBuildPhase section */
		D597096D282E1DCA00642949 /* Frameworks */ = {
			isa = PBXFrameworksBuildPhase;
			buildActionMask = 2147483647;
			files = (
				D59709B8282F8DAD00642949 /* FirebaseStorageCombine-Community in Frameworks */,
				D59709AE282F8DAD00642949 /* FirebaseDatabaseSwift in Frameworks */,
				D59709AC282F8DAD00642949 /* FirebaseDatabase in Frameworks */,
				D59709A4282F8DAD00642949 /* FirebaseAnalytics in Frameworks */,
				D59709B6282F8DAD00642949 /* FirebaseStorage in Frameworks */,
				D59709B4282F8DAD00642949 /* FirebaseInstallations in Frameworks */,
				D59709A8282F8DAD00642949 /* FirebaseAuth in Frameworks */,
				D59709A6282F8DAD00642949 /* FirebaseAnalyticsWithoutAdIdSupport in Frameworks */,
				D59709AA282F8DAD00642949 /* FirebaseAuthCombine-Community in Frameworks */,
				D59709B0282F8DAD00642949 /* FirebaseFirestore in Frameworks */,
				D59709B2282F8DAD00642949 /* FirebaseFirestoreSwift in Frameworks */,
			);
			runOnlyForDeploymentPostprocessing = 0;
		};
/* End PBXFrameworksBuildPhase section */

/* Begin PBXGroup section */
		D5970967282E1DCA00642949 = {
			isa = PBXGroup;
			children = (
				D5970972282E1DCA00642949 /* happy-hour-cinema-ticket-booking */,
				D5970971282E1DCA00642949 /* Products */,
			);
			sourceTree = "<group>";
		};
		D5970971282E1DCA00642949 /* Products */ = {
			isa = PBXGroup;
			children = (
				D5970970282E1DCA00642949 /* happy-hour-cinema-ticket-booking.app */,
			);
			name = Products;
			sourceTree = "<group>";
		};
		D5970972282E1DCA00642949 /* happy-hour-cinema-ticket-booking */ = {
			isa = PBXGroup;
			children = (
				D5970995282F6BD500642949 /* Model */,
				D5970973282E1DCA00642949 /* AppDelegate.swift */,
				D5970975282E1DCA00642949 /* SceneDelegate.swift */,
				D5970988282E26B000642949 /* Controller */,
				D5970987282E269100642949 /* View */,
				D597097C282E1DCB00642949 /* Assets.xcassets */,
				D542E9C5283928A500F180F2 /* GoogleService-Info.plist */,
				D5970981282E1DCB00642949 /* Info.plist */,
			);
			path = "happy-hour-cinema-ticket-booking";
			sourceTree = "<group>";
		};
		D5970987282E269100642949 /* View */ = {
			isa = PBXGroup;
			children = (
				D5970979282E1DCA00642949 /* Main.storyboard */,
				D597097E282E1DCB00642949 /* LaunchScreen.storyboard */,
			);
			path = View;
			sourceTree = "<group>";
		};
		D5970988282E26B000642949 /* Controller */ = {
			isa = PBXGroup;
			children = (
				D597098B282E378600642949 /* MovieViewController.swift */,
				D597098D282E37DA00642949 /* OrderDetailsViewController.swift */,
				D597098F282E381200642949 /* SeatsViewController.swift */,
				D5970991282E388F00642949 /* OrderConfirmationViewController.swift */,
				D5970993282E3A4A00642949 /* TicketViewController.swift */,
				D5970998282F72E600642949 /* HomeViewController.swift */,
				D597099A282F741E00642949 /* SignupViewController.swift */,
				D597099C282F742D00642949 /* LoginViewController.swift */,
			);
			path = Controller;
			sourceTree = "<group>";
		};
		D5970995282F6BD500642949 /* Model */ = {
			isa = PBXGroup;
			children = (
				D597099E282F7DEC00642949 /* Style.swift */,
				D59709B9282F934C00642949 /* AuthUtils.swift */,
				D59709BB282FB28C00642949 /* DB.swift */,
				D59709BF2830FDC900642949 /* Seat.swift */,
				D59709C128311EF300642949 /* CinemaRoom.swift */,
				D59709C52832201F00642949 /* Booking.swift */,
				9B3A52752838B1B500AF9B9B /* Movie.swift */,
			);
			path = Model;
			sourceTree = "<group>";
		};
/* End PBXGroup section */

/* Begin PBXNativeTarget section */
		D597096F282E1DCA00642949 /* happy-hour-cinema-ticket-booking */ = {
			isa = PBXNativeTarget;
			buildConfigurationList = D5970984282E1DCB00642949 /* Build configuration list for PBXNativeTarget "happy-hour-cinema-ticket-booking" */;
			buildPhases = (
				D597096C282E1DCA00642949 /* Sources */,
				D597096D282E1DCA00642949 /* Frameworks */,
				D597096E282E1DCA00642949 /* Resources */,
			);
			buildRules = (
			);
			dependencies = (
			);
			name = "happy-hour-cinema-ticket-booking";
			packageProductDependencies = (
				D59709A3282F8DAD00642949 /* FirebaseAnalytics */,
				D59709A5282F8DAD00642949 /* FirebaseAnalyticsWithoutAdIdSupport */,
				D59709A7282F8DAD00642949 /* FirebaseAuth */,
				D59709A9282F8DAD00642949 /* FirebaseAuthCombine-Community */,
				D59709AB282F8DAD00642949 /* FirebaseDatabase */,
				D59709AD282F8DAD00642949 /* FirebaseDatabaseSwift */,
				D59709AF282F8DAD00642949 /* FirebaseFirestore */,
				D59709B1282F8DAD00642949 /* FirebaseFirestoreSwift */,
				D59709B3282F8DAD00642949 /* FirebaseInstallations */,
				D59709B5282F8DAD00642949 /* FirebaseStorage */,
				D59709B7282F8DAD00642949 /* FirebaseStorageCombine-Community */,
			);
			productName = "happy-hour-cinema-ticket-booking";
			productReference = D5970970282E1DCA00642949 /* happy-hour-cinema-ticket-booking.app */;
			productType = "com.apple.product-type.application";
		};
/* End PBXNativeTarget section */

/* Begin PBXProject section */
		D5970968282E1DCA00642949 /* Project object */ = {
			isa = PBXProject;
			attributes = {
				BuildIndependentTargetsInParallel = 1;
				LastSwiftUpdateCheck = 1330;
				LastUpgradeCheck = 1330;
				TargetAttributes = {
					D597096F282E1DCA00642949 = {
						CreatedOnToolsVersion = 13.3.1;
					};
				};
			};
			buildConfigurationList = D597096B282E1DCA00642949 /* Build configuration list for PBXProject "happy-hour-cinema-ticket-booking" */;
			compatibilityVersion = "Xcode 13.0";
			developmentRegion = en;
			hasScannedForEncodings = 0;
			knownRegions = (
				en,
				Base,
			);
			mainGroup = D5970967282E1DCA00642949;
			packageReferences = (
				D59709A2282F8DAD00642949 /* XCRemoteSwiftPackageReference "firebase-ios-sdk" */,
			);
			productRefGroup = D5970971282E1DCA00642949 /* Products */;
			projectDirPath = "";
			projectRoot = "";
			targets = (
				D597096F282E1DCA00642949 /* happy-hour-cinema-ticket-booking */,
			);
		};
/* End PBXProject section */

/* Begin PBXResourcesBuildPhase section */
		D597096E282E1DCA00642949 /* Resources */ = {
			isa = PBXResourcesBuildPhase;
			buildActionMask = 2147483647;
			files = (
				D5970980282E1DCB00642949 /* LaunchScreen.storyboard in Resources */,
				D542E9C6283928A500F180F2 /* GoogleService-Info.plist in Resources */,
				D597097D282E1DCB00642949 /* Assets.xcassets in Resources */,
				D597097B282E1DCA00642949 /* Main.storyboard in Resources */,
			);
			runOnlyForDeploymentPostprocessing = 0;
		};
/* End PBXResourcesBuildPhase section */

/* Begin PBXSourcesBuildPhase section */
		D597096C282E1DCA00642949 /* Sources */ = {
			isa = PBXSourcesBuildPhase;
			buildActionMask = 2147483647;
			files = (
				D59709C228311EF300642949 /* CinemaRoom.swift in Sources */,
				D59709C62832201F00642949 /* Booking.swift in Sources */,
				D59709BC282FB28C00642949 /* DB.swift in Sources */,
				D5970994282E3A4A00642949 /* TicketViewController.swift in Sources */,
				D59709C02830FDC900642949 /* Seat.swift in Sources */,
				D59709BA282F934C00642949 /* AuthUtils.swift in Sources */,
				D597098C282E378600642949 /* MovieViewController.swift in Sources */,
				D597099B282F741E00642949 /* SignupViewController.swift in Sources */,
				D597098E282E37DA00642949 /* OrderDetailsViewController.swift in Sources */,
				D5970992282E388F00642949 /* OrderConfirmationViewController.swift in Sources */,
				D5970990282E381200642949 /* SeatsViewController.swift in Sources */,
				9B3A52762838B1B600AF9B9B /* Movie.swift in Sources */,
				D5970999282F72E600642949 /* HomeViewController.swift in Sources */,
				D597099F282F7DEC00642949 /* Style.swift in Sources */,
				D5970974282E1DCA00642949 /* AppDelegate.swift in Sources */,
				D5970976282E1DCA00642949 /* SceneDelegate.swift in Sources */,
				D597099D282F742D00642949 /* LoginViewController.swift in Sources */,
			);
			runOnlyForDeploymentPostprocessing = 0;
		};
/* End PBXSourcesBuildPhase section */

/* Begin PBXVariantGroup section */
		D5970979282E1DCA00642949 /* Main.storyboard */ = {
			isa = PBXVariantGroup;
			children = (
				D597097A282E1DCA00642949 /* Base */,
			);
			name = Main.storyboard;
			sourceTree = "<group>";
		};
		D597097E282E1DCB00642949 /* LaunchScreen.storyboard */ = {
			isa = PBXVariantGroup;
			children = (
				D597097F282E1DCB00642949 /* Base */,
			);
			name = LaunchScreen.storyboard;
			sourceTree = "<group>";
		};
/* End PBXVariantGroup section */

/* Begin XCBuildConfiguration section */
		D5970982282E1DCB00642949 /* Debug */ = {
			isa = XCBuildConfiguration;
			buildSettings = {
				ALWAYS_SEARCH_USER_PATHS = NO;
				CLANG_ANALYZER_NONNULL = YES;
				CLANG_ANALYZER_NUMBER_OBJECT_CONVERSION = YES_AGGRESSIVE;
				CLANG_CXX_LANGUAGE_STANDARD = "gnu++17";
				CLANG_ENABLE_MODULES = YES;
				CLANG_ENABLE_OBJC_ARC = YES;
				CLANG_ENABLE_OBJC_WEAK = YES;
				CLANG_WARN_BLOCK_CAPTURE_AUTORELEASING = YES;
				CLANG_WARN_BOOL_CONVERSION = YES;
				CLANG_WARN_COMMA = YES;
				CLANG_WARN_CONSTANT_CONVERSION = YES;
				CLANG_WARN_DEPRECATED_OBJC_IMPLEMENTATIONS = YES;
				CLANG_WARN_DIRECT_OBJC_ISA_USAGE = YES_ERROR;
				CLANG_WARN_DOCUMENTATION_COMMENTS = YES;
				CLANG_WARN_EMPTY_BODY = YES;
				CLANG_WARN_ENUM_CONVERSION = YES;
				CLANG_WARN_INFINITE_RECURSION = YES;
				CLANG_WARN_INT_CONVERSION = YES;
				CLANG_WARN_NON_LITERAL_NULL_CONVERSION = YES;
				CLANG_WARN_OBJC_IMPLICIT_RETAIN_SELF = YES;
				CLANG_WARN_OBJC_LITERAL_CONVERSION = YES;
				CLANG_WARN_OBJC_ROOT_CLASS = YES_ERROR;
				CLANG_WARN_QUOTED_INCLUDE_IN_FRAMEWORK_HEADER = YES;
				CLANG_WARN_RANGE_LOOP_ANALYSIS = YES;
				CLANG_WARN_STRICT_PROTOTYPES = YES;
				CLANG_WARN_SUSPICIOUS_MOVE = YES;
				CLANG_WARN_UNGUARDED_AVAILABILITY = YES_AGGRESSIVE;
				CLANG_WARN_UNREACHABLE_CODE = YES;
				CLANG_WARN__DUPLICATE_METHOD_MATCH = YES;
				COPY_PHASE_STRIP = NO;
				DEBUG_INFORMATION_FORMAT = dwarf;
				ENABLE_STRICT_OBJC_MSGSEND = YES;
				ENABLE_TESTABILITY = YES;
				GCC_C_LANGUAGE_STANDARD = gnu11;
				GCC_DYNAMIC_NO_PIC = NO;
				GCC_NO_COMMON_BLOCKS = YES;
				GCC_OPTIMIZATION_LEVEL = 0;
				GCC_PREPROCESSOR_DEFINITIONS = (
					"DEBUG=1",
					"$(inherited)",
				);
				GCC_WARN_64_TO_32_BIT_CONVERSION = YES;
				GCC_WARN_ABOUT_RETURN_TYPE = YES_ERROR;
				GCC_WARN_UNDECLARED_SELECTOR = YES;
				GCC_WARN_UNINITIALIZED_AUTOS = YES_AGGRESSIVE;
				GCC_WARN_UNUSED_FUNCTION = YES;
				GCC_WARN_UNUSED_VARIABLE = YES;
				IPHONEOS_DEPLOYMENT_TARGET = 15.2;
				MTL_ENABLE_DEBUG_INFO = INCLUDE_SOURCE;
				MTL_FAST_MATH = YES;
				ONLY_ACTIVE_ARCH = YES;
				SDKROOT = iphoneos;
				SWIFT_ACTIVE_COMPILATION_CONDITIONS = DEBUG;
				SWIFT_OPTIMIZATION_LEVEL = "-Onone";
			};
			name = Debug;
		};
		D5970983282E1DCB00642949 /* Release */ = {
			isa = XCBuildConfiguration;
			buildSettings = {
				ALWAYS_SEARCH_USER_PATHS = NO;
				CLANG_ANALYZER_NONNULL = YES;
				CLANG_ANALYZER_NUMBER_OBJECT_CONVERSION = YES_AGGRESSIVE;
				CLANG_CXX_LANGUAGE_STANDARD = "gnu++17";
				CLANG_ENABLE_MODULES = YES;
				CLANG_ENABLE_OBJC_ARC = YES;
				CLANG_ENABLE_OBJC_WEAK = YES;
				CLANG_WARN_BLOCK_CAPTURE_AUTORELEASING = YES;
				CLANG_WARN_BOOL_CONVERSION = YES;
				CLANG_WARN_COMMA = YES;
				CLANG_WARN_CONSTANT_CONVERSION = YES;
				CLANG_WARN_DEPRECATED_OBJC_IMPLEMENTATIONS = YES;
				CLANG_WARN_DIRECT_OBJC_ISA_USAGE = YES_ERROR;
				CLANG_WARN_DOCUMENTATION_COMMENTS = YES;
				CLANG_WARN_EMPTY_BODY = YES;
				CLANG_WARN_ENUM_CONVERSION = YES;
				CLANG_WARN_INFINITE_RECURSION = YES;
				CLANG_WARN_INT_CONVERSION = YES;
				CLANG_WARN_NON_LITERAL_NULL_CONVERSION = YES;
				CLANG_WARN_OBJC_IMPLICIT_RETAIN_SELF = YES;
				CLANG_WARN_OBJC_LITERAL_CONVERSION = YES;
				CLANG_WARN_OBJC_ROOT_CLASS = YES_ERROR;
				CLANG_WARN_QUOTED_INCLUDE_IN_FRAMEWORK_HEADER = YES;
				CLANG_WARN_RANGE_LOOP_ANALYSIS = YES;
				CLANG_WARN_STRICT_PROTOTYPES = YES;
				CLANG_WARN_SUSPICIOUS_MOVE = YES;
				CLANG_WARN_UNGUARDED_AVAILABILITY = YES_AGGRESSIVE;
				CLANG_WARN_UNREACHABLE_CODE = YES;
				CLANG_WARN__DUPLICATE_METHOD_MATCH = YES;
				COPY_PHASE_STRIP = NO;
				DEBUG_INFORMATION_FORMAT = "dwarf-with-dsym";
				ENABLE_NS_ASSERTIONS = NO;
				ENABLE_STRICT_OBJC_MSGSEND = YES;
				GCC_C_LANGUAGE_STANDARD = gnu11;
				GCC_NO_COMMON_BLOCKS = YES;
				GCC_WARN_64_TO_32_BIT_CONVERSION = YES;
				GCC_WARN_ABOUT_RETURN_TYPE = YES_ERROR;
				GCC_WARN_UNDECLARED_SELECTOR = YES;
				GCC_WARN_UNINITIALIZED_AUTOS = YES_AGGRESSIVE;
				GCC_WARN_UNUSED_FUNCTION = YES;
				GCC_WARN_UNUSED_VARIABLE = YES;
				IPHONEOS_DEPLOYMENT_TARGET = 15.2;
				MTL_ENABLE_DEBUG_INFO = NO;
				MTL_FAST_MATH = YES;
				SDKROOT = iphoneos;
				SWIFT_COMPILATION_MODE = wholemodule;
				SWIFT_OPTIMIZATION_LEVEL = "-O";
				VALIDATE_PRODUCT = YES;
			};
			name = Release;
		};
		D5970985282E1DCB00642949 /* Debug */ = {
			isa = XCBuildConfiguration;
			buildSettings = {
				ASSETCATALOG_COMPILER_APPICON_NAME = AppIcon;
				ASSETCATALOG_COMPILER_GLOBAL_ACCENT_COLOR_NAME = AccentColor;
				CODE_SIGN_STYLE = Automatic;
				CURRENT_PROJECT_VERSION = 1;
				GENERATE_INFOPLIST_FILE = YES;
				INFOPLIST_FILE = "happy-hour-cinema-ticket-booking/Info.plist";
				INFOPLIST_KEY_UIApplicationSupportsIndirectInputEvents = YES;
				INFOPLIST_KEY_UILaunchStoryboardName = LaunchScreen;
				INFOPLIST_KEY_UIMainStoryboardFile = Main;
				INFOPLIST_KEY_UISupportedInterfaceOrientations = UIInterfaceOrientationPortrait;
				INFOPLIST_KEY_UISupportedInterfaceOrientations_iPad = "UIInterfaceOrientationPortrait UIInterfaceOrientationPortraitUpsideDown UIInterfaceOrientationLandscapeLeft UIInterfaceOrientationLandscapeRight";
				INFOPLIST_KEY_UISupportedInterfaceOrientations_iPhone = "UIInterfaceOrientationPortrait UIInterfaceOrientationLandscapeLeft UIInterfaceOrientationLandscapeRight";
				LD_RUNPATH_SEARCH_PATHS = (
					"$(inherited)",
					"@executable_path/Frameworks",
				);
				MARKETING_VERSION = 1.0;
				PRODUCT_BUNDLE_IDENTIFIER = "com.uts.asm.happy-hour-cinema-ticket-booking";
				PRODUCT_NAME = "$(TARGET_NAME)";
				SWIFT_EMIT_LOC_STRINGS = YES;
				SWIFT_VERSION = 5.0;
				TARGETED_DEVICE_FAMILY = "1,2";
			};
			name = Debug;
		};
		D5970986282E1DCB00642949 /* Release */ = {
			isa = XCBuildConfiguration;
			buildSettings = {
				ASSETCATALOG_COMPILER_APPICON_NAME = AppIcon;
				ASSETCATALOG_COMPILER_GLOBAL_ACCENT_COLOR_NAME = AccentColor;
				CODE_SIGN_STYLE = Automatic;
				CURRENT_PROJECT_VERSION = 1;
				GENERATE_INFOPLIST_FILE = YES;
				INFOPLIST_FILE = "happy-hour-cinema-ticket-booking/Info.plist";
				INFOPLIST_KEY_UIApplicationSupportsIndirectInputEvents = YES;
				INFOPLIST_KEY_UILaunchStoryboardName = LaunchScreen;
				INFOPLIST_KEY_UIMainStoryboardFile = Main;
				INFOPLIST_KEY_UISupportedInterfaceOrientations = UIInterfaceOrientationPortrait;
				INFOPLIST_KEY_UISupportedInterfaceOrientations_iPad = "UIInterfaceOrientationPortrait UIInterfaceOrientationPortraitUpsideDown UIInterfaceOrientationLandscapeLeft UIInterfaceOrientationLandscapeRight";
				INFOPLIST_KEY_UISupportedInterfaceOrientations_iPhone = "UIInterfaceOrientationPortrait UIInterfaceOrientationLandscapeLeft UIInterfaceOrientationLandscapeRight";
				LD_RUNPATH_SEARCH_PATHS = (
					"$(inherited)",
					"@executable_path/Frameworks",
				);
				MARKETING_VERSION = 1.0;
				PRODUCT_BUNDLE_IDENTIFIER = "com.uts.asm.happy-hour-cinema-ticket-booking";
				PRODUCT_NAME = "$(TARGET_NAME)";
				SWIFT_EMIT_LOC_STRINGS = YES;
				SWIFT_VERSION = 5.0;
				TARGETED_DEVICE_FAMILY = "1,2";
			};
			name = Release;
		};
/* End XCBuildConfiguration section */

/* Begin XCConfigurationList section */
		D597096B282E1DCA00642949 /* Build configuration list for PBXProject "happy-hour-cinema-ticket-booking" */ = {
			isa = XCConfigurationList;
			buildConfigurations = (
				D5970982282E1DCB00642949 /* Debug */,
				D5970983282E1DCB00642949 /* Release */,
			);
			defaultConfigurationIsVisible = 0;
			defaultConfigurationName = Release;
		};
		D5970984282E1DCB00642949 /* Build configuration list for PBXNativeTarget "happy-hour-cinema-ticket-booking" */ = {
			isa = XCConfigurationList;
			buildConfigurations = (
				D5970985282E1DCB00642949 /* Debug */,
				D5970986282E1DCB00642949 /* Release */,
			);
			defaultConfigurationIsVisible = 0;
			defaultConfigurationName = Release;
		};
/* End XCConfigurationList section */

/* Begin XCRemoteSwiftPackageReference section */
		D59709A2282F8DAD00642949 /* XCRemoteSwiftPackageReference "firebase-ios-sdk" */ = {
			isa = XCRemoteSwiftPackageReference;
			repositoryURL = "https://github.com/firebase/firebase-ios-sdk";
			requirement = {
				kind = upToNextMajorVersion;
				minimumVersion = 9.0.0;
			};
		};
/* End XCRemoteSwiftPackageReference section */

/* Begin XCSwiftPackageProductDependency section */
		D59709A3282F8DAD00642949 /* FirebaseAnalytics */ = {
			isa = XCSwiftPackageProductDependency;
			package = D59709A2282F8DAD00642949 /* XCRemoteSwiftPackageReference "firebase-ios-sdk" */;
			productName = FirebaseAnalytics;
		};
		D59709A5282F8DAD00642949 /* FirebaseAnalyticsWithoutAdIdSupport */ = {
			isa = XCSwiftPackageProductDependency;
			package = D59709A2282F8DAD00642949 /* XCRemoteSwiftPackageReference "firebase-ios-sdk" */;
			productName = FirebaseAnalyticsWithoutAdIdSupport;
		};
		D59709A7282F8DAD00642949 /* FirebaseAuth */ = {
			isa = XCSwiftPackageProductDependency;
			package = D59709A2282F8DAD00642949 /* XCRemoteSwiftPackageReference "firebase-ios-sdk" */;
			productName = FirebaseAuth;
		};
		D59709A9282F8DAD00642949 /* FirebaseAuthCombine-Community */ = {
			isa = XCSwiftPackageProductDependency;
			package = D59709A2282F8DAD00642949 /* XCRemoteSwiftPackageReference "firebase-ios-sdk" */;
			productName = "FirebaseAuthCombine-Community";
		};
		D59709AB282F8DAD00642949 /* FirebaseDatabase */ = {
			isa = XCSwiftPackageProductDependency;
			package = D59709A2282F8DAD00642949 /* XCRemoteSwiftPackageReference "firebase-ios-sdk" */;
			productName = FirebaseDatabase;
		};
		D59709AD282F8DAD00642949 /* FirebaseDatabaseSwift */ = {
			isa = XCSwiftPackageProductDependency;
			package = D59709A2282F8DAD00642949 /* XCRemoteSwiftPackageReference "firebase-ios-sdk" */;
			productName = FirebaseDatabaseSwift;
		};
		D59709AF282F8DAD00642949 /* FirebaseFirestore */ = {
			isa = XCSwiftPackageProductDependency;
			package = D59709A2282F8DAD00642949 /* XCRemoteSwiftPackageReference "firebase-ios-sdk" */;
			productName = FirebaseFirestore;
		};
		D59709B1282F8DAD00642949 /* FirebaseFirestoreSwift */ = {
			isa = XCSwiftPackageProductDependency;
			package = D59709A2282F8DAD00642949 /* XCRemoteSwiftPackageReference "firebase-ios-sdk" */;
			productName = FirebaseFirestoreSwift;
		};
		D59709B3282F8DAD00642949 /* FirebaseInstallations */ = {
			isa = XCSwiftPackageProductDependency;
			package = D59709A2282F8DAD00642949 /* XCRemoteSwiftPackageReference "firebase-ios-sdk" */;
			productName = FirebaseInstallations;
		};
		D59709B5282F8DAD00642949 /* FirebaseStorage */ = {
			isa = XCSwiftPackageProductDependency;
			package = D59709A2282F8DAD00642949 /* XCRemoteSwiftPackageReference "firebase-ios-sdk" */;
			productName = FirebaseStorage;
		};
		D59709B7282F8DAD00642949 /* FirebaseStorageCombine-Community */ = {
			isa = XCSwiftPackageProductDependency;
			package = D59709A2282F8DAD00642949 /* XCRemoteSwiftPackageReference "firebase-ios-sdk" */;
			productName = "FirebaseStorageCombine-Community";
		};
/* End XCSwiftPackageProductDependency section */
	};
	rootObject = D5970968282E1DCA00642949 /* Project object */;
}
